// !$*UTF8*$!
{
	archiveVersion = 1;
	classes = {
	};
	objectVersion = 50;
	objects = {

/* Begin PBXBuildFile section */
		3C0D9BE42517D87800BD0EB9 /* AppDelegate.swift in Sources */ = {isa = PBXBuildFile; fileRef = 3C0D9BE32517D87800BD0EB9 /* AppDelegate.swift */; };
		3C0D9BE62517D87800BD0EB9 /* SceneDelegate.swift in Sources */ = {isa = PBXBuildFile; fileRef = 3C0D9BE52517D87800BD0EB9 /* SceneDelegate.swift */; };
		3C0D9BE82517D87800BD0EB9 /* ViewController.swift in Sources */ = {isa = PBXBuildFile; fileRef = 3C0D9BE72517D87800BD0EB9 /* ViewController.swift */; };
		3C0D9BEB2517D87800BD0EB9 /* Main.storyboard in Resources */ = {isa = PBXBuildFile; fileRef = 3C0D9BE92517D87800BD0EB9 /* Main.storyboard */; };
		3C0D9BED2517D87A00BD0EB9 /* Assets.xcassets in Resources */ = {isa = PBXBuildFile; fileRef = 3C0D9BEC2517D87A00BD0EB9 /* Assets.xcassets */; };
		3C0D9BF02517D87A00BD0EB9 /* LaunchScreen.storyboard in Resources */ = {isa = PBXBuildFile; fileRef = 3C0D9BEE2517D87A00BD0EB9 /* LaunchScreen.storyboard */; };
		3C0D9BFB2517D87A00BD0EB9 /* TechMonTests.swift in Sources */ = {isa = PBXBuildFile; fileRef = 3C0D9BFA2517D87A00BD0EB9 /* TechMonTests.swift */; };
		3C0D9C062517D87A00BD0EB9 /* TechMonUITests.swift in Sources */ = {isa = PBXBuildFile; fileRef = 3C0D9C052517D87A00BD0EB9 /* TechMonUITests.swift */; };
		3C0D9C2C2517D90600BD0EB9 /* lobby.png in Resources */ = {isa = PBXBuildFile; fileRef = 3C0D9C182517D90600BD0EB9 /* lobby.png */; };
		3C0D9C2D2517D90600BD0EB9 /* battlebg.png in Resources */ = {isa = PBXBuildFile; fileRef = 3C0D9C192517D90600BD0EB9 /* battlebg.png */; };
		3C0D9C2E2517D90600BD0EB9 /* bgimage.jpg in Resources */ = {isa = PBXBuildFile; fileRef = 3C0D9C1A2517D90600BD0EB9 /* bgimage.jpg */; };
		3C0D9C2F2517D90600BD0EB9 /* waku.png in Resources */ = {isa = PBXBuildFile; fileRef = 3C0D9C1B2517D90600BD0EB9 /* waku.png */; };
		3C0D9C302517D90600BD0EB9 /* gold_button.png in Resources */ = {isa = PBXBuildFile; fileRef = 3C0D9C1C2517D90600BD0EB9 /* gold_button.png */; };
		3C0D9C312517D90600BD0EB9 /* yusya.png in Resources */ = {isa = PBXBuildFile; fileRef = 3C0D9C1D2517D90600BD0EB9 /* yusya.png */; };
		3C0D9C322517D90600BD0EB9 /* monster.png in Resources */ = {isa = PBXBuildFile; fileRef = 3C0D9C1E2517D90600BD0EB9 /* monster.png */; };
		3C0D9C332517D90600BD0EB9 /* TechMonManager.swift in Sources */ = {isa = PBXBuildFile; fileRef = 3C0D9C202517D90600BD0EB9 /* TechMonManager.swift */; };
		3C0D9C342517D90600BD0EB9 /* Character.swift in Sources */ = {isa = PBXBuildFile; fileRef = 3C0D9C212517D90600BD0EB9 /* Character.swift */; };
		3C0D9C352517D90600BD0EB9 /* SE_fanfare.mp3 in Resources */ = {isa = PBXBuildFile; fileRef = 3C0D9C232517D90600BD0EB9 /* SE_fanfare.mp3 */; };
		3C0D9C362517D90600BD0EB9 /* BGM_battle001.mp3 in Resources */ = {isa = PBXBuildFile; fileRef = 3C0D9C242517D90600BD0EB9 /* BGM_battle001.mp3 */; };
		3C0D9C372517D90600BD0EB9 /* SE_fire.mp3 in Resources */ = {isa = PBXBuildFile; fileRef = 3C0D9C252517D90600BD0EB9 /* SE_fire.mp3 */; };
		3C0D9C382517D90600BD0EB9 /* SE_attack.mp3 in Resources */ = {isa = PBXBuildFile; fileRef = 3C0D9C262517D90600BD0EB9 /* SE_attack.mp3 */; };
		3C0D9C392517D90600BD0EB9 /* SE_gameover.mp3 in Resources */ = {isa = PBXBuildFile; fileRef = 3C0D9C272517D90600BD0EB9 /* SE_gameover.mp3 */; };
		3C0D9C3A2517D90600BD0EB9 /* SE_charge.mp3 in Resources */ = {isa = PBXBuildFile; fileRef = 3C0D9C282517D90600BD0EB9 /* SE_charge.mp3 */; };
		3C0D9C3B2517D90600BD0EB9 /* lobby.mp3 in Resources */ = {isa = PBXBuildFile; fileRef = 3C0D9C292517D90600BD0EB9 /* lobby.mp3 */; };
		3C0D9C3C2517D90600BD0EB9 /* misaki_gothic.ttf in Resources */ = {isa = PBXBuildFile; fileRef = 3C0D9C2B2517D90600BD0EB9 /* misaki_gothic.ttf */; };
/* End PBXBuildFile section */

/* Begin PBXContainerItemProxy section */
		3C0D9BF72517D87A00BD0EB9 /* PBXContainerItemProxy */ = {
			isa = PBXContainerItemProxy;
			containerPortal = 3C0D9BD82517D87800BD0EB9 /* Project object */;
			proxyType = 1;
			remoteGlobalIDString = 3C0D9BDF2517D87800BD0EB9;
			remoteInfo = TechMon;
		};
		3C0D9C022517D87A00BD0EB9 /* PBXContainerItemProxy */ = {
			isa = PBXContainerItemProxy;
			containerPortal = 3C0D9BD82517D87800BD0EB9 /* Project object */;
			proxyType = 1;
			remoteGlobalIDString = 3C0D9BDF2517D87800BD0EB9;
			remoteInfo = TechMon;
		};
/* End PBXContainerItemProxy section */

/* Begin PBXFileReference section */
		3C0D9BE02517D87800BD0EB9 /* TechMon.app */ = {isa = PBXFileReference; explicitFileType = wrapper.application; includeInIndex = 0; path = TechMon.app; sourceTree = BUILT_PRODUCTS_DIR; };
		3C0D9BE32517D87800BD0EB9 /* AppDelegate.swift */ = {isa = PBXFileReference; lastKnownFileType = sourcecode.swift; path = AppDelegate.swift; sourceTree = "<group>"; };
		3C0D9BE52517D87800BD0EB9 /* SceneDelegate.swift */ = {isa = PBXFileReference; lastKnownFileType = sourcecode.swift; path = SceneDelegate.swift; sourceTree = "<group>"; };
		3C0D9BE72517D87800BD0EB9 /* ViewController.swift */ = {isa = PBXFileReference; lastKnownFileType = sourcecode.swift; path = ViewController.swift; sourceTree = "<group>"; };
		3C0D9BEA2517D87800BD0EB9 /* Base */ = {isa = PBXFileReference; lastKnownFileType = file.storyboard; name = Base; path = Base.lproj/Main.storyboard; sourceTree = "<group>"; };
		3C0D9BEC2517D87A00BD0EB9 /* Assets.xcassets */ = {isa = PBXFileReference; lastKnownFileType = folder.assetcatalog; path = Assets.xcassets; sourceTree = "<group>"; };
		3C0D9BEF2517D87A00BD0EB9 /* Base */ = {isa = PBXFileReference; lastKnownFileType = file.storyboard; name = Base; path = Base.lproj/LaunchScreen.storyboard; sourceTree = "<group>"; };
		3C0D9BF12517D87A00BD0EB9 /* Info.plist */ = {isa = PBXFileReference; lastKnownFileType = text.plist.xml; path = Info.plist; sourceTree = "<group>"; };
		3C0D9BF62517D87A00BD0EB9 /* TechMonTests.xctest */ = {isa = PBXFileReference; explicitFileType = wrapper.cfbundle; includeInIndex = 0; path = TechMonTests.xctest; sourceTree = BUILT_PRODUCTS_DIR; };
		3C0D9BFA2517D87A00BD0EB9 /* TechMonTests.swift */ = {isa = PBXFileReference; lastKnownFileType = sourcecode.swift; path = TechMonTests.swift; sourceTree = "<group>"; };
		3C0D9BFC2517D87A00BD0EB9 /* Info.plist */ = {isa = PBXFileReference; lastKnownFileType = text.plist.xml; path = Info.plist; sourceTree = "<group>"; };
		3C0D9C012517D87A00BD0EB9 /* TechMonUITests.xctest */ = {isa = PBXFileReference; explicitFileType = wrapper.cfbundle; includeInIndex = 0; path = TechMonUITests.xctest; sourceTree = BUILT_PRODUCTS_DIR; };
		3C0D9C052517D87A00BD0EB9 /* TechMonUITests.swift */ = {isa = PBXFileReference; lastKnownFileType = sourcecode.swift; path = TechMonUITests.swift; sourceTree = "<group>"; };
		3C0D9C072517D87A00BD0EB9 /* Info.plist */ = {isa = PBXFileReference; lastKnownFileType = text.plist.xml; path = Info.plist; sourceTree = "<group>"; };
		3C0D9C182517D90600BD0EB9 /* lobby.png */ = {isa = PBXFileReference; lastKnownFileType = image.png; path = lobby.png; sourceTree = "<group>"; };
		3C0D9C192517D90600BD0EB9 /* battlebg.png */ = {isa = PBXFileReference; lastKnownFileType = image.png; path = battlebg.png; sourceTree = "<group>"; };
		3C0D9C1A2517D90600BD0EB9 /* bgimage.jpg */ = {isa = PBXFileReference; lastKnownFileType = image.jpeg; path = bgimage.jpg; sourceTree = "<group>"; };
		3C0D9C1B2517D90600BD0EB9 /* waku.png */ = {isa = PBXFileReference; lastKnownFileType = image.png; path = waku.png; sourceTree = "<group>"; };
		3C0D9C1C2517D90600BD0EB9 /* gold_button.png */ = {isa = PBXFileReference; lastKnownFileType = image.png; path = gold_button.png; sourceTree = "<group>"; };
		3C0D9C1D2517D90600BD0EB9 /* yusya.png */ = {isa = PBXFileReference; lastKnownFileType = image.png; path = yusya.png; sourceTree = "<group>"; };
		3C0D9C1E2517D90600BD0EB9 /* monster.png */ = {isa = PBXFileReference; lastKnownFileType = image.png; path = monster.png; sourceTree = "<group>"; };
		3C0D9C202517D90600BD0EB9 /* TechMonManager.swift */ = {isa = PBXFileReference; fileEncoding = 4; lastKnownFileType = sourcecode.swift; path = TechMonManager.swift; sourceTree = "<group>"; };
		3C0D9C212517D90600BD0EB9 /* Character.swift */ = {isa = PBXFileReference; fileEncoding = 4; lastKnownFileType = sourcecode.swift; path = Character.swift; sourceTree = "<group>"; };
		3C0D9C232517D90600BD0EB9 /* SE_fanfare.mp3 */ = {isa = PBXFileReference; lastKnownFileType = audio.mp3; path = SE_fanfare.mp3; sourceTree = "<group>"; };
		3C0D9C242517D90600BD0EB9 /* BGM_battle001.mp3 */ = {isa = PBXFileReference; lastKnownFileType = audio.mp3; path = BGM_battle001.mp3; sourceTree = "<group>"; };
		3C0D9C252517D90600BD0EB9 /* SE_fire.mp3 */ = {isa = PBXFileReference; lastKnownFileType = audio.mp3; path = SE_fire.mp3; sourceTree = "<group>"; };
		3C0D9C262517D90600BD0EB9 /* SE_attack.mp3 */ = {isa = PBXFileReference; lastKnownFileType = audio.mp3; path = SE_attack.mp3; sourceTree = "<group>"; };
		3C0D9C272517D90600BD0EB9 /* SE_gameover.mp3 */ = {isa = PBXFileReference; lastKnownFileType = audio.mp3; path = SE_gameover.mp3; sourceTree = "<group>"; };
		3C0D9C282517D90600BD0EB9 /* SE_charge.mp3 */ = {isa = PBXFileReference; lastKnownFileType = audio.mp3; path = SE_charge.mp3; sourceTree = "<group>"; };
		3C0D9C292517D90600BD0EB9 /* lobby.mp3 */ = {isa = PBXFileReference; lastKnownFileType = audio.mp3; path = lobby.mp3; sourceTree = "<group>"; };
		3C0D9C2B2517D90600BD0EB9 /* misaki_gothic.ttf */ = {isa = PBXFileReference; lastKnownFileType = file; path = misaki_gothic.ttf; sourceTree = "<group>"; };
/* End PBXFileReference section */

/* Begin PBXFrameworksBuildPhase section */
		3C0D9BDD2517D87800BD0EB9 /* Frameworks */ = {
			isa = PBXFrameworksBuildPhase;
			buildActionMask = 2147483647;
			files = (
			);
			runOnlyForDeploymentPostprocessing = 0;
		};
		3C0D9BF32517D87A00BD0EB9 /* Frameworks */ = {
			isa = PBXFrameworksBuildPhase;
			buildActionMask = 2147483647;
			files = (
			);
			runOnlyForDeploymentPostprocessing = 0;
		};
		3C0D9BFE2517D87A00BD0EB9 /* Frameworks */ = {
			isa = PBXFrameworksBuildPhase;
			buildActionMask = 2147483647;
			files = (
			);
			runOnlyForDeploymentPostprocessing = 0;
		};
/* End PBXFrameworksBuildPhase section */

/* Begin PBXGroup section */
		3C0D9BD72517D87800BD0EB9 = {
			isa = PBXGroup;
			children = (
				3C0D9BE22517D87800BD0EB9 /* TechMon */,
				3C0D9BF92517D87A00BD0EB9 /* TechMonTests */,
				3C0D9C042517D87A00BD0EB9 /* TechMonUITests */,
				3C0D9BE12517D87800BD0EB9 /* Products */,
			);
			sourceTree = "<group>";
		};
		3C0D9BE12517D87800BD0EB9 /* Products */ = {
			isa = PBXGroup;
			children = (
				3C0D9BE02517D87800BD0EB9 /* TechMon.app */,
				3C0D9BF62517D87A00BD0EB9 /* TechMonTests.xctest */,
				3C0D9C012517D87A00BD0EB9 /* TechMonUITests.xctest */,
			);
			name = Products;
			sourceTree = "<group>";
		};
		3C0D9BE22517D87800BD0EB9 /* TechMon */ = {
			isa = PBXGroup;
			children = (
				3C0D9C162517D90600BD0EB9 /* TechMon_Resource */,
				3C0D9BE32517D87800BD0EB9 /* AppDelegate.swift */,
				3C0D9BE52517D87800BD0EB9 /* SceneDelegate.swift */,
				3C0D9BE72517D87800BD0EB9 /* ViewController.swift */,
				3C0D9BE92517D87800BD0EB9 /* Main.storyboard */,
				3C0D9BEC2517D87A00BD0EB9 /* Assets.xcassets */,
				3C0D9BEE2517D87A00BD0EB9 /* LaunchScreen.storyboard */,
				3C0D9BF12517D87A00BD0EB9 /* Info.plist */,
			);
			path = TechMon;
			sourceTree = "<group>";
		};
		3C0D9BF92517D87A00BD0EB9 /* TechMonTests */ = {
			isa = PBXGroup;
			children = (
				3C0D9BFA2517D87A00BD0EB9 /* TechMonTests.swift */,
				3C0D9BFC2517D87A00BD0EB9 /* Info.plist */,
			);
			path = TechMonTests;
			sourceTree = "<group>";
		};
		3C0D9C042517D87A00BD0EB9 /* TechMonUITests */ = {
			isa = PBXGroup;
			children = (
				3C0D9C052517D87A00BD0EB9 /* TechMonUITests.swift */,
				3C0D9C072517D87A00BD0EB9 /* Info.plist */,
			);
			path = TechMonUITests;
			sourceTree = "<group>";
		};
		3C0D9C162517D90600BD0EB9 /* TechMon_Resource */ = {
			isa = PBXGroup;
			children = (
				3C0D9C172517D90600BD0EB9 /* Images */,
				3C0D9C1F2517D90600BD0EB9 /* Models */,
				3C0D9C222517D90600BD0EB9 /* Sounds */,
				3C0D9C2A2517D90600BD0EB9 /* Fonts */,
			);
			name = TechMon_Resource;
			path = ../../iphone_material/TechMon_Resource;
			sourceTree = "<group>";
		};
		3C0D9C172517D90600BD0EB9 /* Images */ = {
			isa = PBXGroup;
			children = (
				3C0D9C182517D90600BD0EB9 /* lobby.png */,
				3C0D9C192517D90600BD0EB9 /* battlebg.png */,
				3C0D9C1A2517D90600BD0EB9 /* bgimage.jpg */,
				3C0D9C1B2517D90600BD0EB9 /* waku.png */,
				3C0D9C1C2517D90600BD0EB9 /* gold_button.png */,
				3C0D9C1D2517D90600BD0EB9 /* yusya.png */,
				3C0D9C1E2517D90600BD0EB9 /* monster.png */,
			);
			path = Images;
			sourceTree = "<group>";
		};
		3C0D9C1F2517D90600BD0EB9 /* Models */ = {
			isa = PBXGroup;
			children = (
				3C0D9C202517D90600BD0EB9 /* TechMonManager.swift */,
				3C0D9C212517D90600BD0EB9 /* Character.swift */,
			);
			path = Models;
			sourceTree = "<group>";
		};
		3C0D9C222517D90600BD0EB9 /* Sounds */ = {
			isa = PBXGroup;
			children = (
				3C0D9C232517D90600BD0EB9 /* SE_fanfare.mp3 */,
				3C0D9C242517D90600BD0EB9 /* BGM_battle001.mp3 */,
				3C0D9C252517D90600BD0EB9 /* SE_fire.mp3 */,
				3C0D9C262517D90600BD0EB9 /* SE_attack.mp3 */,
				3C0D9C272517D90600BD0EB9 /* SE_gameover.mp3 */,
				3C0D9C282517D90600BD0EB9 /* SE_charge.mp3 */,
				3C0D9C292517D90600BD0EB9 /* lobby.mp3 */,
			);
			path = Sounds;
			sourceTree = "<group>";
		};
		3C0D9C2A2517D90600BD0EB9 /* Fonts */ = {
			isa = PBXGroup;
			children = (
				3C0D9C2B2517D90600BD0EB9 /* misaki_gothic.ttf */,
			);
			path = Fonts;
			sourceTree = "<group>";
		};
/* End PBXGroup section */

/* Begin PBXNativeTarget section */
		3C0D9BDF2517D87800BD0EB9 /* TechMon */ = {
			isa = PBXNativeTarget;
			buildConfigurationList = 3C0D9C0A2517D87A00BD0EB9 /* Build configuration list for PBXNativeTarget "TechMon" */;
			buildPhases = (
				3C0D9BDC2517D87800BD0EB9 /* Sources */,
				3C0D9BDD2517D87800BD0EB9 /* Frameworks */,
				3C0D9BDE2517D87800BD0EB9 /* Resources */,
			);
			buildRules = (
			);
			dependencies = (
			);
			name = TechMon;
			productName = TechMon;
			productReference = 3C0D9BE02517D87800BD0EB9 /* TechMon.app */;
			productType = "com.apple.product-type.application";
		};
		3C0D9BF52517D87A00BD0EB9 /* TechMonTests */ = {
			isa = PBXNativeTarget;
			buildConfigurationList = 3C0D9C0D2517D87A00BD0EB9 /* Build configuration list for PBXNativeTarget "TechMonTests" */;
			buildPhases = (
				3C0D9BF22517D87A00BD0EB9 /* Sources */,
				3C0D9BF32517D87A00BD0EB9 /* Frameworks */,
				3C0D9BF42517D87A00BD0EB9 /* Resources */,
			);
			buildRules = (
			);
			dependencies = (
				3C0D9BF82517D87A00BD0EB9 /* PBXTargetDependency */,
			);
			name = TechMonTests;
			productName = TechMonTests;
			productReference = 3C0D9BF62517D87A00BD0EB9 /* TechMonTests.xctest */;
			productType = "com.apple.product-type.bundle.unit-test";
		};
		3C0D9C002517D87A00BD0EB9 /* TechMonUITests */ = {
			isa = PBXNativeTarget;
			buildConfigurationList = 3C0D9C102517D87A00BD0EB9 /* Build configuration list for PBXNativeTarget "TechMonUITests" */;
			buildPhases = (
				3C0D9BFD2517D87A00BD0EB9 /* Sources */,
				3C0D9BFE2517D87A00BD0EB9 /* Frameworks */,
				3C0D9BFF2517D87A00BD0EB9 /* Resources */,
			);
			buildRules = (
			);
			dependencies = (
				3C0D9C032517D87A00BD0EB9 /* PBXTargetDependency */,
			);
			name = TechMonUITests;
			productName = TechMonUITests;
			productReference = 3C0D9C012517D87A00BD0EB9 /* TechMonUITests.xctest */;
			productType = "com.apple.product-type.bundle.ui-testing";
		};
/* End PBXNativeTarget section */

/* Begin PBXProject section */
		3C0D9BD82517D87800BD0EB9 /* Project object */ = {
			isa = PBXProject;
			attributes = {
				LastSwiftUpdateCheck = 1200;
				LastUpgradeCheck = 1200;
				TargetAttributes = {
					3C0D9BDF2517D87800BD0EB9 = {
						CreatedOnToolsVersion = 12.0;
					};
					3C0D9BF52517D87A00BD0EB9 = {
						CreatedOnToolsVersion = 12.0;
						TestTargetID = 3C0D9BDF2517D87800BD0EB9;
					};
					3C0D9C002517D87A00BD0EB9 = {
						CreatedOnToolsVersion = 12.0;
						TestTargetID = 3C0D9BDF2517D87800BD0EB9;
					};
				};
			};
			buildConfigurationList = 3C0D9BDB2517D87800BD0EB9 /* Build configuration list for PBXProject "TechMon" */;
			compatibilityVersion = "Xcode 9.3";
			developmentRegion = en;
			hasScannedForEncodings = 0;
			knownRegions = (
				en,
				Base,
			);
			mainGroup = 3C0D9BD72517D87800BD0EB9;
			productRefGroup = 3C0D9BE12517D87800BD0EB9 /* Products */;
			projectDirPath = "";
			projectRoot = "";
			targets = (
				3C0D9BDF2517D87800BD0EB9 /* TechMon */,
				3C0D9BF52517D87A00BD0EB9 /* TechMonTests */,
				3C0D9C002517D87A00BD0EB9 /* TechMonUITests */,
			);
		};
/* End PBXProject section */

/* Begin PBXResourcesBuildPhase section */
		3C0D9BDE2517D87800BD0EB9 /* Resources */ = {
			isa = PBXResourcesBuildPhase;
			buildActionMask = 2147483647;
			files = (
				3C0D9C312517D90600BD0EB9 /* yusya.png in Resources */,
				3C0D9C2E2517D90600BD0EB9 /* bgimage.jpg in Resources */,
				3C0D9C2F2517D90600BD0EB9 /* waku.png in Resources */,
				3C0D9C352517D90600BD0EB9 /* SE_fanfare.mp3 in Resources */,
				3C0D9C2C2517D90600BD0EB9 /* lobby.png in Resources */,
				3C0D9C302517D90600BD0EB9 /* gold_button.png in Resources */,
				3C0D9C382517D90600BD0EB9 /* SE_attack.mp3 in Resources */,
				3C0D9BF02517D87A00BD0EB9 /* LaunchScreen.storyboard in Resources */,
				3C0D9C3B2517D90600BD0EB9 /* lobby.mp3 in Resources */,
				3C0D9BED2517D87A00BD0EB9 /* Assets.xcassets in Resources */,
				3C0D9C3C2517D90600BD0EB9 /* misaki_gothic.ttf in Resources */,
				3C0D9C392517D90600BD0EB9 /* SE_gameover.mp3 in Resources */,
				3C0D9C2D2517D90600BD0EB9 /* battlebg.png in Resources */,
				3C0D9C362517D90600BD0EB9 /* BGM_battle001.mp3 in Resources */,
				3C0D9C3A2517D90600BD0EB9 /* SE_charge.mp3 in Resources */,
				3C0D9C372517D90600BD0EB9 /* SE_fire.mp3 in Resources */,
				3C0D9C322517D90600BD0EB9 /* monster.png in Resources */,
				3C0D9BEB2517D87800BD0EB9 /* Main.storyboard in Resources */,
			);
			runOnlyForDeploymentPostprocessing = 0;
		};
		3C0D9BF42517D87A00BD0EB9 /* Resources */ = {
			isa = PBXResourcesBuildPhase;
			buildActionMask = 2147483647;
			files = (
			);
			runOnlyForDeploymentPostprocessing = 0;
		};
		3C0D9BFF2517D87A00BD0EB9 /* Resources */ = {
			isa = PBXResourcesBuildPhase;
			buildActionMask = 2147483647;
			files = (
			);
			runOnlyForDeploymentPostprocessing = 0;
		};
/* End PBXResourcesBuildPhase section */

/* Begin PBXSourcesBuildPhase section */
		3C0D9BDC2517D87800BD0EB9 /* Sources */ = {
			isa = PBXSourcesBuildPhase;
			buildActionMask = 2147483647;
			files = (
				3C0D9C332517D90600BD0EB9 /* TechMonManager.swift in Sources */,
				3C0D9BE82517D87800BD0EB9 /* ViewController.swift in Sources */,
				3C0D9C342517D90600BD0EB9 /* Character.swift in Sources */,
				3C0D9BE42517D87800BD0EB9 /* AppDelegate.swift in Sources */,
				3C0D9BE62517D87800BD0EB9 /* SceneDelegate.swift in Sources */,
			);
			runOnlyForDeploymentPostprocessing = 0;
		};
		3C0D9BF22517D87A00BD0EB9 /* Sources */ = {
			isa = PBXSourcesBuildPhase;
			buildActionMask = 2147483647;
			files = (
				3C0D9BFB2517D87A00BD0EB9 /* TechMonTests.swift in Sources */,
			);
			runOnlyForDeploymentPostprocessing = 0;
		};
		3C0D9BFD2517D87A00BD0EB9 /* Sources */ = {
			isa = PBXSourcesBuildPhase;
			buildActionMask = 2147483647;
			files = (
				3C0D9C062517D87A00BD0EB9 /* TechMonUITests.swift in Sources */,
			);
			runOnlyForDeploymentPostprocessing = 0;
		};
/* End PBXSourcesBuildPhase section */

/* Begin PBXTargetDependency section */
		3C0D9BF82517D87A00BD0EB9 /* PBXTargetDependency */ = {
			isa = PBXTargetDependency;
			target = 3C0D9BDF2517D87800BD0EB9 /* TechMon */;
			targetProxy = 3C0D9BF72517D87A00BD0EB9 /* PBXContainerItemProxy */;
		};
		3C0D9C032517D87A00BD0EB9 /* PBXTargetDependency */ = {
			isa = PBXTargetDependency;
			target = 3C0D9BDF2517D87800BD0EB9 /* TechMon */;
			targetProxy = 3C0D9C022517D87A00BD0EB9 /* PBXContainerItemProxy */;
		};
/* End PBXTargetDependency section */

/* Begin PBXVariantGroup section */
		3C0D9BE92517D87800BD0EB9 /* Main.storyboard */ = {
			isa = PBXVariantGroup;
			children = (
				3C0D9BEA2517D87800BD0EB9 /* Base */,
			);
			name = Main.storyboard;
			sourceTree = "<group>";
		};
		3C0D9BEE2517D87A00BD0EB9 /* LaunchScreen.storyboard */ = {
			isa = PBXVariantGroup;
			children = (
				3C0D9BEF2517D87A00BD0EB9 /* Base */,
			);
			name = LaunchScreen.storyboard;
			sourceTree = "<group>";
		};
/* End PBXVariantGroup section */

/* Begin XCBuildConfiguration section */
		3C0D9C082517D87A00BD0EB9 /* Debug */ = {
			isa = XCBuildConfiguration;
			buildSettings = {
				ALWAYS_SEARCH_USER_PATHS = NO;
				CLANG_ANALYZER_NONNULL = YES;
				CLANG_ANALYZER_NUMBER_OBJECT_CONVERSION = YES_AGGRESSIVE;
				CLANG_CXX_LANGUAGE_STANDARD = "gnu++14";
				CLANG_CXX_LIBRARY = "libc++";
				CLANG_ENABLE_MODULES = YES;
				CLANG_ENABLE_OBJC_ARC = YES;
				CLANG_ENABLE_OBJC_WEAK = YES;
				CLANG_WARN_BLOCK_CAPTURE_AUTORELEASING = YES;
				CLANG_WARN_BOOL_CONVERSION = YES;
				CLANG_WARN_COMMA = YES;
				CLANG_WARN_CONSTANT_CONVERSION = YES;
				CLANG_WARN_DEPRECATED_OBJC_IMPLEMENTATIONS = YES;
				CLANG_WARN_DIRECT_OBJC_ISA_USAGE = YES_ERROR;
				CLANG_WARN_DOCUMENTATION_COMMENTS = YES;
				CLANG_WARN_EMPTY_BODY = YES;
				CLANG_WARN_ENUM_CONVERSION = YES;
				CLANG_WARN_INFINITE_RECURSION = YES;
				CLANG_WARN_INT_CONVERSION = YES;
				CLANG_WARN_NON_LITERAL_NULL_CONVERSION = YES;
				CLANG_WARN_OBJC_IMPLICIT_RETAIN_SELF = YES;
				CLANG_WARN_OBJC_LITERAL_CONVERSION = YES;
				CLANG_WARN_OBJC_ROOT_CLASS = YES_ERROR;
				CLANG_WARN_QUOTED_INCLUDE_IN_FRAMEWORK_HEADER = YES;
				CLANG_WARN_RANGE_LOOP_ANALYSIS = YES;
				CLANG_WARN_STRICT_PROTOTYPES = YES;
				CLANG_WARN_SUSPICIOUS_MOVE = YES;
				CLANG_WARN_UNGUARDED_AVAILABILITY = YES_AGGRESSIVE;
				CLANG_WARN_UNREACHABLE_CODE = YES;
				CLANG_WARN__DUPLICATE_METHOD_MATCH = YES;
				COPY_PHASE_STRIP = NO;
				DEBUG_INFORMATION_FORMAT = dwarf;
				ENABLE_STRICT_OBJC_MSGSEND = YES;
				ENABLE_TESTABILITY = YES;
				GCC_C_LANGUAGE_STANDARD = gnu11;
				GCC_DYNAMIC_NO_PIC = NO;
				GCC_NO_COMMON_BLOCKS = YES;
				GCC_OPTIMIZATION_LEVEL = 0;
				GCC_PREPROCESSOR_DEFINITIONS = (
					"DEBUG=1",
					"$(inherited)",
				);
				GCC_WARN_64_TO_32_BIT_CONVERSION = YES;
				GCC_WARN_ABOUT_RETURN_TYPE = YES_ERROR;
				GCC_WARN_UNDECLARED_SELECTOR = YES;
				GCC_WARN_UNINITIALIZED_AUTOS = YES_AGGRESSIVE;
				GCC_WARN_UNUSED_FUNCTION = YES;
				GCC_WARN_UNUSED_VARIABLE = YES;
				IPHONEOS_DEPLOYMENT_TARGET = 14.0;
				MTL_ENABLE_DEBUG_INFO = INCLUDE_SOURCE;
				MTL_FAST_MATH = YES;
				ONLY_ACTIVE_ARCH = YES;
				SDKROOT = iphoneos;
				SWIFT_ACTIVE_COMPILATION_CONDITIONS = DEBUG;
				SWIFT_OPTIMIZATION_LEVEL = "-Onone";
			};
			name = Debug;
		};
		3C0D9C092517D87A00BD0EB9 /* Release */ = {
			isa = XCBuildConfiguration;
			buildSettings = {
				ALWAYS_SEARCH_USER_PATHS = NO;
				CLANG_ANALYZER_NONNULL = YES;
				CLANG_ANALYZER_NUMBER_OBJECT_CONVERSION = YES_AGGRESSIVE;
				CLANG_CXX_LANGUAGE_STANDARD = "gnu++14";
				CLANG_CXX_LIBRARY = "libc++";
				CLANG_ENABLE_MODULES = YES;
				CLANG_ENABLE_OBJC_ARC = YES;
				CLANG_ENABLE_OBJC_WEAK = YES;
				CLANG_WARN_BLOCK_CAPTURE_AUTORELEASING = YES;
				CLANG_WARN_BOOL_CONVERSION = YES;
				CLANG_WARN_COMMA = YES;
				CLANG_WARN_CONSTANT_CONVERSION = YES;
				CLANG_WARN_DEPRECATED_OBJC_IMPLEMENTATIONS = YES;
				CLANG_WARN_DIRECT_OBJC_ISA_USAGE = YES_ERROR;
				CLANG_WARN_DOCUMENTATION_COMMENTS = YES;
				CLANG_WARN_EMPTY_BODY = YES;
				CLANG_WARN_ENUM_CONVERSION = YES;
				CLANG_WARN_INFINITE_RECURSION = YES;
				CLANG_WARN_INT_CONVERSION = YES;
				CLANG_WARN_NON_LITERAL_NULL_CONVERSION = YES;
				CLANG_WARN_OBJC_IMPLICIT_RETAIN_SELF = YES;
				CLANG_WARN_OBJC_LITERAL_CONVERSION = YES;
				CLANG_WARN_OBJC_ROOT_CLASS = YES_ERROR;
				CLANG_WARN_QUOTED_INCLUDE_IN_FRAMEWORK_HEADER = YES;
				CLANG_WARN_RANGE_LOOP_ANALYSIS = YES;
				CLANG_WARN_STRICT_PROTOTYPES = YES;
				CLANG_WARN_SUSPICIOUS_MOVE = YES;
				CLANG_WARN_UNGUARDED_AVAILABILITY = YES_AGGRESSIVE;
				CLANG_WARN_UNREACHABLE_CODE = YES;
				CLANG_WARN__DUPLICATE_METHOD_MATCH = YES;
				COPY_PHASE_STRIP = NO;
				DEBUG_INFORMATION_FORMAT = "dwarf-with-dsym";
				ENABLE_NS_ASSERTIONS = NO;
				ENABLE_STRICT_OBJC_MSGSEND = YES;
				GCC_C_LANGUAGE_STANDARD = gnu11;
				GCC_NO_COMMON_BLOCKS = YES;
				GCC_WARN_64_TO_32_BIT_CONVERSION = YES;
				GCC_WARN_ABOUT_RETURN_TYPE = YES_ERROR;
				GCC_WARN_UNDECLARED_SELECTOR = YES;
				GCC_WARN_UNINITIALIZED_AUTOS = YES_AGGRESSIVE;
				GCC_WARN_UNUSED_FUNCTION = YES;
				GCC_WARN_UNUSED_VARIABLE = YES;
				IPHONEOS_DEPLOYMENT_TARGET = 14.0;
				MTL_ENABLE_DEBUG_INFO = NO;
				MTL_FAST_MATH = YES;
				SDKROOT = iphoneos;
				SWIFT_COMPILATION_MODE = wholemodule;
				SWIFT_OPTIMIZATION_LEVEL = "-O";
				VALIDATE_PRODUCT = YES;
			};
			name = Release;
		};
		3C0D9C0B2517D87A00BD0EB9 /* Debug */ = {
			isa = XCBuildConfiguration;
			buildSettings = {
				ASSETCATALOG_COMPILER_APPICON_NAME = AppIcon;
				ASSETCATALOG_COMPILER_GLOBAL_ACCENT_COLOR_NAME = AccentColor;
				CODE_SIGN_STYLE = Automatic;
				INFOPLIST_FILE = TechMon/Info.plist;
				LD_RUNPATH_SEARCH_PATHS = (
					"$(inherited)",
					"@executable_path/Frameworks",
				);
				PRODUCT_BUNDLE_IDENTIFIER = app.hotaru.inari.TechMon;
				PRODUCT_NAME = "$(TARGET_NAME)";
				SWIFT_VERSION = 5.0;
				TARGETED_DEVICE_FAMILY = "1,2";
			};
			name = Debug;
		};
		3C0D9C0C2517D87A00BD0EB9 /* Release */ = {
			isa = XCBuildConfiguration;
			buildSettings = {
				ASSETCATALOG_COMPILER_APPICON_NAME = AppIcon;
				ASSETCATALOG_COMPILER_GLOBAL_ACCENT_COLOR_NAME = AccentColor;
				CODE_SIGN_STYLE = Automatic;
				INFOPLIST_FILE = TechMon/Info.plist;
				LD_RUNPATH_SEARCH_PATHS = (
					"$(inherited)",
					"@executable_path/Frameworks",
				);
				PRODUCT_BUNDLE_IDENTIFIER = app.hotaru.inari.TechMon;
				PRODUCT_NAME = "$(TARGET_NAME)";
				SWIFT_VERSION = 5.0;
				TARGETED_DEVICE_FAMILY = "1,2";
			};
			name = Release;
		};
		3C0D9C0E2517D87A00BD0EB9 /* Debug */ = {
			isa = XCBuildConfiguration;
			buildSettings = {
				ALWAYS_EMBED_SWIFT_STANDARD_LIBRARIES = YES;
				BUNDLE_LOADER = "$(TEST_HOST)";
				CODE_SIGN_STYLE = Automatic;
				INFOPLIST_FILE = TechMonTests/Info.plist;
				IPHONEOS_DEPLOYMENT_TARGET = 14.0;
				LD_RUNPATH_SEARCH_PATHS = (
					"$(inherited)",
					"@executable_path/Frameworks",
					"@loader_path/Frameworks",
				);
				PRODUCT_BUNDLE_IDENTIFIER = app.hotaru.inari.TechMonTests;
				PRODUCT_NAME = "$(TARGET_NAME)";
				SWIFT_VERSION = 5.0;
				TARGETED_DEVICE_FAMILY = "1,2";
				TEST_HOST = "$(BUILT_PRODUCTS_DIR)/TechMon.app/TechMon";
			};
			name = Debug;
		};
		3C0D9C0F2517D87A00BD0EB9 /* Release */ = {
			isa = XCBuildConfiguration;
			buildSettings = {
				ALWAYS_EMBED_SWIFT_STANDARD_LIBRARIES = YES;
				BUNDLE_LOADER = "$(TEST_HOST)";
				CODE_SIGN_STYLE = Automatic;
				INFOPLIST_FILE = TechMonTests/Info.plist;
				IPHONEOS_DEPLOYMENT_TARGET = 14.0;
				LD_RUNPATH_SEARCH_PATHS = (
					"$(inherited)",
					"@executable_path/Frameworks",
					"@loader_path/Frameworks",
				);
				PRODUCT_BUNDLE_IDENTIFIER = app.hotaru.inari.TechMonTests;
				PRODUCT_NAME = "$(TARGET_NAME)";
				SWIFT_VERSION = 5.0;
				TARGETED_DEVICE_FAMILY = "1,2";
				TEST_HOST = "$(BUILT_PRODUCTS_DIR)/TechMon.app/TechMon";
			};
			name = Release;
		};
		3C0D9C112517D87A00BD0EB9 /* Debug */ = {
			isa = XCBuildConfiguration;
			buildSettings = {
				ALWAYS_EMBED_SWIFT_STANDARD_LIBRARIES = YES;
				CODE_SIGN_STYLE = Automatic;
				INFOPLIST_FILE = TechMonUITests/Info.plist;
				LD_RUNPATH_SEARCH_PATHS = (
					"$(inherited)",
					"@executable_path/Frameworks",
					"@loader_path/Frameworks",
				);
				PRODUCT_BUNDLE_IDENTIFIER = app.hotaru.inari.TechMonUITests;
				PRODUCT_NAME = "$(TARGET_NAME)";
				SWIFT_VERSION = 5.0;
				TARGETED_DEVICE_FAMILY = "1,2";
				TEST_TARGET_NAME = TechMon;
			};
			name = Debug;
		};
		3C0D9C122517D87A00BD0EB9 /* Release */ = {
			isa = XCBuildConfiguration;
			buildSettings = {
				ALWAYS_EMBED_SWIFT_STANDARD_LIBRARIES = YES;
				CODE_SIGN_STYLE = Automatic;
				INFOPLIST_FILE = TechMonUITests/Info.plist;
				LD_RUNPATH_SEARCH_PATHS = (
					"$(inherited)",
					"@executable_path/Frameworks",
					"@loader_path/Frameworks",
				);
				PRODUCT_BUNDLE_IDENTIFIER = app.hotaru.inari.TechMonUITests;
				PRODUCT_NAME = "$(TARGET_NAME)";
				SWIFT_VERSION = 5.0;
				TARGETED_DEVICE_FAMILY = "1,2";
				TEST_TARGET_NAME = TechMon;
			};
			name = Release;
		};
/* End XCBuildConfiguration section */

/* Begin XCConfigurationList section */
		3C0D9BDB2517D87800BD0EB9 /* Build configuration list for PBXProject "TechMon" */ = {
			isa = XCConfigurationList;
			buildConfigurations = (
				3C0D9C082517D87A00BD0EB9 /* Debug */,
				3C0D9C092517D87A00BD0EB9 /* Release */,
			);
			defaultConfigurationIsVisible = 0;
			defaultConfigurationName = Release;
		};
		3C0D9C0A2517D87A00BD0EB9 /* Build configuration list for PBXNativeTarget "TechMon" */ = {
			isa = XCConfigurationList;
			buildConfigurations = (
				3C0D9C0B2517D87A00BD0EB9 /* Debug */,
				3C0D9C0C2517D87A00BD0EB9 /* Release */,
			);
			defaultConfigurationIsVisible = 0;
			defaultConfigurationName = Release;
		};
		3C0D9C0D2517D87A00BD0EB9 /* Build configuration list for PBXNativeTarget "TechMonTests" */ = {
			isa = XCConfigurationList;
			buildConfigurations = (
				3C0D9C0E2517D87A00BD0EB9 /* Debug */,
				3C0D9C0F2517D87A00BD0EB9 /* Release */,
			);
			defaultConfigurationIsVisible = 0;
			defaultConfigurationName = Release;
		};
		3C0D9C102517D87A00BD0EB9 /* Build configuration list for PBXNativeTarget "TechMonUITests" */ = {
			isa = XCConfigurationList;
			buildConfigurations = (
				3C0D9C112517D87A00BD0EB9 /* Debug */,
				3C0D9C122517D87A00BD0EB9 /* Release */,
			);
			defaultConfigurationIsVisible = 0;
			defaultConfigurationName = Release;
		};
/* End XCConfigurationList section */
	};
	rootObject = 3C0D9BD82517D87800BD0EB9 /* Project object */;
}
