// !$*UTF8*$!
{
	archiveVersion = 1;
	classes = {
	};
	objectVersion = 50;
	objects = {

/* Begin PBXBuildFile section */
		3C9BB03A250F412A0029EDF9 /* AppDelegate.swift in Sources */ = {isa = PBXBuildFile; fileRef = 3C9BB039250F412A0029EDF9 /* AppDelegate.swift */; };
		3C9BB03C250F412A0029EDF9 /* SceneDelegate.swift in Sources */ = {isa = PBXBuildFile; fileRef = 3C9BB03B250F412A0029EDF9 /* SceneDelegate.swift */; };
		3C9BB03E250F412A0029EDF9 /* ViewController.swift in Sources */ = {isa = PBXBuildFile; fileRef = 3C9BB03D250F412A0029EDF9 /* ViewController.swift */; };
		3C9BB041250F412A0029EDF9 /* Main.storyboard in Resources */ = {isa = PBXBuildFile; fileRef = 3C9BB03F250F412A0029EDF9 /* Main.storyboard */; };
		3C9BB043250F412B0029EDF9 /* Assets.xcassets in Resources */ = {isa = PBXBuildFile; fileRef = 3C9BB042250F412B0029EDF9 /* Assets.xcassets */; };
		3C9BB046250F412B0029EDF9 /* LaunchScreen.storyboard in Resources */ = {isa = PBXBuildFile; fileRef = 3C9BB044250F412B0029EDF9 /* LaunchScreen.storyboard */; };
		3C9BB051250F412B0029EDF9 /* PasswordHackerTests.swift in Sources */ = {isa = PBXBuildFile; fileRef = 3C9BB050250F412B0029EDF9 /* PasswordHackerTests.swift */; };
		3C9BB05C250F412B0029EDF9 /* PasswordHackerUITests.swift in Sources */ = {isa = PBXBuildFile; fileRef = 3C9BB05B250F412B0029EDF9 /* PasswordHackerUITests.swift */; };
/* End PBXBuildFile section */

/* Begin PBXContainerItemProxy section */
		3C9BB04D250F412B0029EDF9 /* PBXContainerItemProxy */ = {
			isa = PBXContainerItemProxy;
			containerPortal = 3C9BB02E250F412A0029EDF9 /* Project object */;
			proxyType = 1;
			remoteGlobalIDString = 3C9BB035250F412A0029EDF9;
			remoteInfo = PasswordHacker;
		};
		3C9BB058250F412B0029EDF9 /* PBXContainerItemProxy */ = {
			isa = PBXContainerItemProxy;
			containerPortal = 3C9BB02E250F412A0029EDF9 /* Project object */;
			proxyType = 1;
			remoteGlobalIDString = 3C9BB035250F412A0029EDF9;
			remoteInfo = PasswordHacker;
		};
/* End PBXContainerItemProxy section */

/* Begin PBXFileReference section */
		3C9BB036250F412A0029EDF9 /* PasswordHacker.app */ = {isa = PBXFileReference; explicitFileType = wrapper.application; includeInIndex = 0; path = PasswordHacker.app; sourceTree = BUILT_PRODUCTS_DIR; };
		3C9BB039250F412A0029EDF9 /* AppDelegate.swift */ = {isa = PBXFileReference; lastKnownFileType = sourcecode.swift; path = AppDelegate.swift; sourceTree = "<group>"; };
		3C9BB03B250F412A0029EDF9 /* SceneDelegate.swift */ = {isa = PBXFileReference; lastKnownFileType = sourcecode.swift; path = SceneDelegate.swift; sourceTree = "<group>"; };
		3C9BB03D250F412A0029EDF9 /* ViewController.swift */ = {isa = PBXFileReference; lastKnownFileType = sourcecode.swift; path = ViewController.swift; sourceTree = "<group>"; };
		3C9BB040250F412A0029EDF9 /* Base */ = {isa = PBXFileReference; lastKnownFileType = file.storyboard; name = Base; path = Base.lproj/Main.storyboard; sourceTree = "<group>"; };
		3C9BB042250F412B0029EDF9 /* Assets.xcassets */ = {isa = PBXFileReference; lastKnownFileType = folder.assetcatalog; path = Assets.xcassets; sourceTree = "<group>"; };
		3C9BB045250F412B0029EDF9 /* Base */ = {isa = PBXFileReference; lastKnownFileType = file.storyboard; name = Base; path = Base.lproj/LaunchScreen.storyboard; sourceTree = "<group>"; };
		3C9BB047250F412B0029EDF9 /* Info.plist */ = {isa = PBXFileReference; lastKnownFileType = text.plist.xml; path = Info.plist; sourceTree = "<group>"; };
		3C9BB04C250F412B0029EDF9 /* PasswordHackerTests.xctest */ = {isa = PBXFileReference; explicitFileType = wrapper.cfbundle; includeInIndex = 0; path = PasswordHackerTests.xctest; sourceTree = BUILT_PRODUCTS_DIR; };
		3C9BB050250F412B0029EDF9 /* PasswordHackerTests.swift */ = {isa = PBXFileReference; lastKnownFileType = sourcecode.swift; path = PasswordHackerTests.swift; sourceTree = "<group>"; };
		3C9BB052250F412B0029EDF9 /* Info.plist */ = {isa = PBXFileReference; lastKnownFileType = text.plist.xml; path = Info.plist; sourceTree = "<group>"; };
		3C9BB057250F412B0029EDF9 /* PasswordHackerUITests.xctest */ = {isa = PBXFileReference; explicitFileType = wrapper.cfbundle; includeInIndex = 0; path = PasswordHackerUITests.xctest; sourceTree = BUILT_PRODUCTS_DIR; };
		3C9BB05B250F412B0029EDF9 /* PasswordHackerUITests.swift */ = {isa = PBXFileReference; lastKnownFileType = sourcecode.swift; path = PasswordHackerUITests.swift; sourceTree = "<group>"; };
		3C9BB05D250F412B0029EDF9 /* Info.plist */ = {isa = PBXFileReference; lastKnownFileType = text.plist.xml; path = Info.plist; sourceTree = "<group>"; };
/* End PBXFileReference section */

/* Begin PBXFrameworksBuildPhase section */
		3C9BB033250F412A0029EDF9 /* Frameworks */ = {
			isa = PBXFrameworksBuildPhase;
			buildActionMask = 2147483647;
			files = (
			);
			runOnlyForDeploymentPostprocessing = 0;
		};
		3C9BB049250F412B0029EDF9 /* Frameworks */ = {
			isa = PBXFrameworksBuildPhase;
			buildActionMask = 2147483647;
			files = (
			);
			runOnlyForDeploymentPostprocessing = 0;
		};
		3C9BB054250F412B0029EDF9 /* Frameworks */ = {
			isa = PBXFrameworksBuildPhase;
			buildActionMask = 2147483647;
			files = (
			);
			runOnlyForDeploymentPostprocessing = 0;
		};
/* End PBXFrameworksBuildPhase section */

/* Begin PBXGroup section */
		3C9BB02D250F412A0029EDF9 = {
			isa = PBXGroup;
			children = (
				3C9BB038250F412A0029EDF9 /* PasswordHacker */,
				3C9BB04F250F412B0029EDF9 /* PasswordHackerTests */,
				3C9BB05A250F412B0029EDF9 /* PasswordHackerUITests */,
				3C9BB037250F412A0029EDF9 /* Products */,
			);
			sourceTree = "<group>";
		};
		3C9BB037250F412A0029EDF9 /* Products */ = {
			isa = PBXGroup;
			children = (
				3C9BB036250F412A0029EDF9 /* PasswordHacker.app */,
				3C9BB04C250F412B0029EDF9 /* PasswordHackerTests.xctest */,
				3C9BB057250F412B0029EDF9 /* PasswordHackerUITests.xctest */,
			);
			name = Products;
			sourceTree = "<group>";
		};
		3C9BB038250F412A0029EDF9 /* PasswordHacker */ = {
			isa = PBXGroup;
			children = (
				3C9BB039250F412A0029EDF9 /* AppDelegate.swift */,
				3C9BB03B250F412A0029EDF9 /* SceneDelegate.swift */,
				3C9BB03D250F412A0029EDF9 /* ViewController.swift */,
				3C9BB03F250F412A0029EDF9 /* Main.storyboard */,
				3C9BB042250F412B0029EDF9 /* Assets.xcassets */,
				3C9BB044250F412B0029EDF9 /* LaunchScreen.storyboard */,
				3C9BB047250F412B0029EDF9 /* Info.plist */,
			);
			path = PasswordHacker;
			sourceTree = "<group>";
		};
		3C9BB04F250F412B0029EDF9 /* PasswordHackerTests */ = {
			isa = PBXGroup;
			children = (
				3C9BB050250F412B0029EDF9 /* PasswordHackerTests.swift */,
				3C9BB052250F412B0029EDF9 /* Info.plist */,
			);
			path = PasswordHackerTests;
			sourceTree = "<group>";
		};
		3C9BB05A250F412B0029EDF9 /* PasswordHackerUITests */ = {
			isa = PBXGroup;
			children = (
				3C9BB05B250F412B0029EDF9 /* PasswordHackerUITests.swift */,
				3C9BB05D250F412B0029EDF9 /* Info.plist */,
			);
			path = PasswordHackerUITests;
			sourceTree = "<group>";
		};
/* End PBXGroup section */

/* Begin PBXNativeTarget section */
		3C9BB035250F412A0029EDF9 /* PasswordHacker */ = {
			isa = PBXNativeTarget;
			buildConfigurationList = 3C9BB060250F412B0029EDF9 /* Build configuration list for PBXNativeTarget "PasswordHacker" */;
			buildPhases = (
				3C9BB032250F412A0029EDF9 /* Sources */,
				3C9BB033250F412A0029EDF9 /* Frameworks */,
				3C9BB034250F412A0029EDF9 /* Resources */,
			);
			buildRules = (
			);
			dependencies = (
			);
			name = PasswordHacker;
			productName = PasswordHacker;
			productReference = 3C9BB036250F412A0029EDF9 /* PasswordHacker.app */;
			productType = "com.apple.product-type.application";
		};
		3C9BB04B250F412B0029EDF9 /* PasswordHackerTests */ = {
			isa = PBXNativeTarget;
			buildConfigurationList = 3C9BB063250F412B0029EDF9 /* Build configuration list for PBXNativeTarget "PasswordHackerTests" */;
			buildPhases = (
				3C9BB048250F412B0029EDF9 /* Sources */,
				3C9BB049250F412B0029EDF9 /* Frameworks */,
				3C9BB04A250F412B0029EDF9 /* Resources */,
			);
			buildRules = (
			);
			dependencies = (
				3C9BB04E250F412B0029EDF9 /* PBXTargetDependency */,
			);
			name = PasswordHackerTests;
			productName = PasswordHackerTests;
			productReference = 3C9BB04C250F412B0029EDF9 /* PasswordHackerTests.xctest */;
			productType = "com.apple.product-type.bundle.unit-test";
		};
		3C9BB056250F412B0029EDF9 /* PasswordHackerUITests */ = {
			isa = PBXNativeTarget;
			buildConfigurationList = 3C9BB066250F412B0029EDF9 /* Build configuration list for PBXNativeTarget "PasswordHackerUITests" */;
			buildPhases = (
				3C9BB053250F412B0029EDF9 /* Sources */,
				3C9BB054250F412B0029EDF9 /* Frameworks */,
				3C9BB055250F412B0029EDF9 /* Resources */,
			);
			buildRules = (
			);
			dependencies = (
				3C9BB059250F412B0029EDF9 /* PBXTargetDependency */,
			);
			name = PasswordHackerUITests;
			productName = PasswordHackerUITests;
			productReference = 3C9BB057250F412B0029EDF9 /* PasswordHackerUITests.xctest */;
			productType = "com.apple.product-type.bundle.ui-testing";
		};
/* End PBXNativeTarget section */

/* Begin PBXProject section */
		3C9BB02E250F412A0029EDF9 /* Project object */ = {
			isa = PBXProject;
			attributes = {
				LastSwiftUpdateCheck = 1170;
				LastUpgradeCheck = 1170;
				ORGANIZATIONNAME = "Inari Hotaru";
				TargetAttributes = {
					3C9BB035250F412A0029EDF9 = {
						CreatedOnToolsVersion = 11.7;
					};
					3C9BB04B250F412B0029EDF9 = {
						CreatedOnToolsVersion = 11.7;
						TestTargetID = 3C9BB035250F412A0029EDF9;
					};
					3C9BB056250F412B0029EDF9 = {
						CreatedOnToolsVersion = 11.7;
						TestTargetID = 3C9BB035250F412A0029EDF9;
					};
				};
			};
			buildConfigurationList = 3C9BB031250F412A0029EDF9 /* Build configuration list for PBXProject "PasswordHacker" */;
			compatibilityVersion = "Xcode 9.3";
			developmentRegion = en;
			hasScannedForEncodings = 0;
			knownRegions = (
				en,
				Base,
			);
			mainGroup = 3C9BB02D250F412A0029EDF9;
			productRefGroup = 3C9BB037250F412A0029EDF9 /* Products */;
			projectDirPath = "";
			projectRoot = "";
			targets = (
				3C9BB035250F412A0029EDF9 /* PasswordHacker */,
				3C9BB04B250F412B0029EDF9 /* PasswordHackerTests */,
				3C9BB056250F412B0029EDF9 /* PasswordHackerUITests */,
			);
		};
/* End PBXProject section */

/* Begin PBXResourcesBuildPhase section */
		3C9BB034250F412A0029EDF9 /* Resources */ = {
			isa = PBXResourcesBuildPhase;
			buildActionMask = 2147483647;
			files = (
				3C9BB046250F412B0029EDF9 /* LaunchScreen.storyboard in Resources */,
				3C9BB043250F412B0029EDF9 /* Assets.xcassets in Resources */,
				3C9BB041250F412A0029EDF9 /* Main.storyboard in Resources */,
			);
			runOnlyForDeploymentPostprocessing = 0;
		};
		3C9BB04A250F412B0029EDF9 /* Resources */ = {
			isa = PBXResourcesBuildPhase;
			buildActionMask = 2147483647;
			files = (
			);
			runOnlyForDeploymentPostprocessing = 0;
		};
		3C9BB055250F412B0029EDF9 /* Resources */ = {
			isa = PBXResourcesBuildPhase;
			buildActionMask = 2147483647;
			files = (
			);
			runOnlyForDeploymentPostprocessing = 0;
		};
/* End PBXResourcesBuildPhase section */

/* Begin PBXSourcesBuildPhase section */
		3C9BB032250F412A0029EDF9 /* Sources */ = {
			isa = PBXSourcesBuildPhase;
			buildActionMask = 2147483647;
			files = (
				3C9BB03E250F412A0029EDF9 /* ViewController.swift in Sources */,
				3C9BB03A250F412A0029EDF9 /* AppDelegate.swift in Sources */,
				3C9BB03C250F412A0029EDF9 /* SceneDelegate.swift in Sources */,
			);
			runOnlyForDeploymentPostprocessing = 0;
		};
		3C9BB048250F412B0029EDF9 /* Sources */ = {
			isa = PBXSourcesBuildPhase;
			buildActionMask = 2147483647;
			files = (
				3C9BB051250F412B0029EDF9 /* PasswordHackerTests.swift in Sources */,
			);
			runOnlyForDeploymentPostprocessing = 0;
		};
		3C9BB053250F412B0029EDF9 /* Sources */ = {
			isa = PBXSourcesBuildPhase;
			buildActionMask = 2147483647;
			files = (
				3C9BB05C250F412B0029EDF9 /* PasswordHackerUITests.swift in Sources */,
			);
			runOnlyForDeploymentPostprocessing = 0;
		};
/* End PBXSourcesBuildPhase section */

/* Begin PBXTargetDependency section */
		3C9BB04E250F412B0029EDF9 /* PBXTargetDependency */ = {
			isa = PBXTargetDependency;
			target = 3C9BB035250F412A0029EDF9 /* PasswordHacker */;
			targetProxy = 3C9BB04D250F412B0029EDF9 /* PBXContainerItemProxy */;
		};
		3C9BB059250F412B0029EDF9 /* PBXTargetDependency */ = {
			isa = PBXTargetDependency;
			target = 3C9BB035250F412A0029EDF9 /* PasswordHacker */;
			targetProxy = 3C9BB058250F412B0029EDF9 /* PBXContainerItemProxy */;
		};
/* End PBXTargetDependency section */

/* Begin PBXVariantGroup section */
		3C9BB03F250F412A0029EDF9 /* Main.storyboard */ = {
			isa = PBXVariantGroup;
			children = (
				3C9BB040250F412A0029EDF9 /* Base */,
			);
			name = Main.storyboard;
			sourceTree = "<group>";
		};
		3C9BB044250F412B0029EDF9 /* LaunchScreen.storyboard */ = {
			isa = PBXVariantGroup;
			children = (
				3C9BB045250F412B0029EDF9 /* Base */,
			);
			name = LaunchScreen.storyboard;
			sourceTree = "<group>";
		};
/* End PBXVariantGroup section */

/* Begin XCBuildConfiguration section */
		3C9BB05E250F412B0029EDF9 /* Debug */ = {
			isa = XCBuildConfiguration;
			buildSettings = {
				ALWAYS_SEARCH_USER_PATHS = NO;
				CLANG_ANALYZER_NONNULL = YES;
				CLANG_ANALYZER_NUMBER_OBJECT_CONVERSION = YES_AGGRESSIVE;
				CLANG_CXX_LANGUAGE_STANDARD = "gnu++14";
				CLANG_CXX_LIBRARY = "libc++";
				CLANG_ENABLE_MODULES = YES;
				CLANG_ENABLE_OBJC_ARC = YES;
				CLANG_ENABLE_OBJC_WEAK = YES;
				CLANG_WARN_BLOCK_CAPTURE_AUTORELEASING = YES;
				CLANG_WARN_BOOL_CONVERSION = YES;
				CLANG_WARN_COMMA = YES;
				CLANG_WARN_CONSTANT_CONVERSION = YES;
				CLANG_WARN_DEPRECATED_OBJC_IMPLEMENTATIONS = YES;
				CLANG_WARN_DIRECT_OBJC_ISA_USAGE = YES_ERROR;
				CLANG_WARN_DOCUMENTATION_COMMENTS = YES;
				CLANG_WARN_EMPTY_BODY = YES;
				CLANG_WARN_ENUM_CONVERSION = YES;
				CLANG_WARN_INFINITE_RECURSION = YES;
				CLANG_WARN_INT_CONVERSION = YES;
				CLANG_WARN_NON_LITERAL_NULL_CONVERSION = YES;
				CLANG_WARN_OBJC_IMPLICIT_RETAIN_SELF = YES;
				CLANG_WARN_OBJC_LITERAL_CONVERSION = YES;
				CLANG_WARN_OBJC_ROOT_CLASS = YES_ERROR;
				CLANG_WARN_RANGE_LOOP_ANALYSIS = YES;
				CLANG_WARN_STRICT_PROTOTYPES = YES;
				CLANG_WARN_SUSPICIOUS_MOVE = YES;
				CLANG_WARN_UNGUARDED_AVAILABILITY = YES_AGGRESSIVE;
				CLANG_WARN_UNREACHABLE_CODE = YES;
				CLANG_WARN__DUPLICATE_METHOD_MATCH = YES;
				COPY_PHASE_STRIP = NO;
				DEBUG_INFORMATION_FORMAT = dwarf;
				ENABLE_STRICT_OBJC_MSGSEND = YES;
				ENABLE_TESTABILITY = YES;
				GCC_C_LANGUAGE_STANDARD = gnu11;
				GCC_DYNAMIC_NO_PIC = NO;
				GCC_NO_COMMON_BLOCKS = YES;
				GCC_OPTIMIZATION_LEVEL = 0;
				GCC_PREPROCESSOR_DEFINITIONS = (
					"DEBUG=1",
					"$(inherited)",
				);
				GCC_WARN_64_TO_32_BIT_CONVERSION = YES;
				GCC_WARN_ABOUT_RETURN_TYPE = YES_ERROR;
				GCC_WARN_UNDECLARED_SELECTOR = YES;
				GCC_WARN_UNINITIALIZED_AUTOS = YES_AGGRESSIVE;
				GCC_WARN_UNUSED_FUNCTION = YES;
				GCC_WARN_UNUSED_VARIABLE = YES;
				IPHONEOS_DEPLOYMENT_TARGET = 13.7;
				MTL_ENABLE_DEBUG_INFO = INCLUDE_SOURCE;
				MTL_FAST_MATH = YES;
				ONLY_ACTIVE_ARCH = YES;
				SDKROOT = iphoneos;
				SWIFT_ACTIVE_COMPILATION_CONDITIONS = DEBUG;
				SWIFT_OPTIMIZATION_LEVEL = "-Onone";
			};
			name = Debug;
		};
		3C9BB05F250F412B0029EDF9 /* Release */ = {
			isa = XCBuildConfiguration;
			buildSettings = {
				ALWAYS_SEARCH_USER_PATHS = NO;
				CLANG_ANALYZER_NONNULL = YES;
				CLANG_ANALYZER_NUMBER_OBJECT_CONVERSION = YES_AGGRESSIVE;
				CLANG_CXX_LANGUAGE_STANDARD = "gnu++14";
				CLANG_CXX_LIBRARY = "libc++";
				CLANG_ENABLE_MODULES = YES;
				CLANG_ENABLE_OBJC_ARC = YES;
				CLANG_ENABLE_OBJC_WEAK = YES;
				CLANG_WARN_BLOCK_CAPTURE_AUTORELEASING = YES;
				CLANG_WARN_BOOL_CONVERSION = YES;
				CLANG_WARN_COMMA = YES;
				CLANG_WARN_CONSTANT_CONVERSION = YES;
				CLANG_WARN_DEPRECATED_OBJC_IMPLEMENTATIONS = YES;
				CLANG_WARN_DIRECT_OBJC_ISA_USAGE = YES_ERROR;
				CLANG_WARN_DOCUMENTATION_COMMENTS = YES;
				CLANG_WARN_EMPTY_BODY = YES;
				CLANG_WARN_ENUM_CONVERSION = YES;
				CLANG_WARN_INFINITE_RECURSION = YES;
				CLANG_WARN_INT_CONVERSION = YES;
				CLANG_WARN_NON_LITERAL_NULL_CONVERSION = YES;
				CLANG_WARN_OBJC_IMPLICIT_RETAIN_SELF = YES;
				CLANG_WARN_OBJC_LITERAL_CONVERSION = YES;
				CLANG_WARN_OBJC_ROOT_CLASS = YES_ERROR;
				CLANG_WARN_RANGE_LOOP_ANALYSIS = YES;
				CLANG_WARN_STRICT_PROTOTYPES = YES;
				CLANG_WARN_SUSPICIOUS_MOVE = YES;
				CLANG_WARN_UNGUARDED_AVAILABILITY = YES_AGGRESSIVE;
				CLANG_WARN_UNREACHABLE_CODE = YES;
				CLANG_WARN__DUPLICATE_METHOD_MATCH = YES;
				COPY_PHASE_STRIP = NO;
				DEBUG_INFORMATION_FORMAT = "dwarf-with-dsym";
				ENABLE_NS_ASSERTIONS = NO;
				ENABLE_STRICT_OBJC_MSGSEND = YES;
				GCC_C_LANGUAGE_STANDARD = gnu11;
				GCC_NO_COMMON_BLOCKS = YES;
				GCC_WARN_64_TO_32_BIT_CONVERSION = YES;
				GCC_WARN_ABOUT_RETURN_TYPE = YES_ERROR;
				GCC_WARN_UNDECLARED_SELECTOR = YES;
				GCC_WARN_UNINITIALIZED_AUTOS = YES_AGGRESSIVE;
				GCC_WARN_UNUSED_FUNCTION = YES;
				GCC_WARN_UNUSED_VARIABLE = YES;
				IPHONEOS_DEPLOYMENT_TARGET = 13.7;
				MTL_ENABLE_DEBUG_INFO = NO;
				MTL_FAST_MATH = YES;
				SDKROOT = iphoneos;
				SWIFT_COMPILATION_MODE = wholemodule;
				SWIFT_OPTIMIZATION_LEVEL = "-O";
				VALIDATE_PRODUCT = YES;
			};
			name = Release;
		};
		3C9BB061250F412B0029EDF9 /* Debug */ = {
			isa = XCBuildConfiguration;
			buildSettings = {
				ASSETCATALOG_COMPILER_APPICON_NAME = AppIcon;
				CODE_SIGN_STYLE = Automatic;
				INFOPLIST_FILE = PasswordHacker/Info.plist;
				LD_RUNPATH_SEARCH_PATHS = (
					"$(inherited)",
					"@executable_path/Frameworks",
				);
				PRODUCT_BUNDLE_IDENTIFIER = app.hotaru.inari.PasswordHacker;
				PRODUCT_NAME = "$(TARGET_NAME)";
				SWIFT_VERSION = 5.0;
				TARGETED_DEVICE_FAMILY = "1,2";
			};
			name = Debug;
		};
		3C9BB062250F412B0029EDF9 /* Release */ = {
			isa = XCBuildConfiguration;
			buildSettings = {
				ASSETCATALOG_COMPILER_APPICON_NAME = AppIcon;
				CODE_SIGN_STYLE = Automatic;
				INFOPLIST_FILE = PasswordHacker/Info.plist;
				LD_RUNPATH_SEARCH_PATHS = (
					"$(inherited)",
					"@executable_path/Frameworks",
				);
				PRODUCT_BUNDLE_IDENTIFIER = app.hotaru.inari.PasswordHacker;
				PRODUCT_NAME = "$(TARGET_NAME)";
				SWIFT_VERSION = 5.0;
				TARGETED_DEVICE_FAMILY = "1,2";
			};
			name = Release;
		};
		3C9BB064250F412B0029EDF9 /* Debug */ = {
			isa = XCBuildConfiguration;
			buildSettings = {
				ALWAYS_EMBED_SWIFT_STANDARD_LIBRARIES = YES;
				BUNDLE_LOADER = "$(TEST_HOST)";
				CODE_SIGN_STYLE = Automatic;
				INFOPLIST_FILE = PasswordHackerTests/Info.plist;
				IPHONEOS_DEPLOYMENT_TARGET = 13.7;
				LD_RUNPATH_SEARCH_PATHS = (
					"$(inherited)",
					"@executable_path/Frameworks",
					"@loader_path/Frameworks",
				);
				PRODUCT_BUNDLE_IDENTIFIER = app.hotaru.inari.PasswordHackerTests;
				PRODUCT_NAME = "$(TARGET_NAME)";
				SWIFT_VERSION = 5.0;
				TARGETED_DEVICE_FAMILY = "1,2";
				TEST_HOST = "$(BUILT_PRODUCTS_DIR)/PasswordHacker.app/PasswordHacker";
			};
			name = Debug;
		};
		3C9BB065250F412B0029EDF9 /* Release */ = {
			isa = XCBuildConfiguration;
			buildSettings = {
				ALWAYS_EMBED_SWIFT_STANDARD_LIBRARIES = YES;
				BUNDLE_LOADER = "$(TEST_HOST)";
				CODE_SIGN_STYLE = Automatic;
				INFOPLIST_FILE = PasswordHackerTests/Info.plist;
				IPHONEOS_DEPLOYMENT_TARGET = 13.7;
				LD_RUNPATH_SEARCH_PATHS = (
					"$(inherited)",
					"@executable_path/Frameworks",
					"@loader_path/Frameworks",
				);
				PRODUCT_BUNDLE_IDENTIFIER = app.hotaru.inari.PasswordHackerTests;
				PRODUCT_NAME = "$(TARGET_NAME)";
				SWIFT_VERSION = 5.0;
				TARGETED_DEVICE_FAMILY = "1,2";
				TEST_HOST = "$(BUILT_PRODUCTS_DIR)/PasswordHacker.app/PasswordHacker";
			};
			name = Release;
		};
		3C9BB067250F412B0029EDF9 /* Debug */ = {
			isa = XCBuildConfiguration;
			buildSettings = {
				ALWAYS_EMBED_SWIFT_STANDARD_LIBRARIES = YES;
				CODE_SIGN_STYLE = Automatic;
				INFOPLIST_FILE = PasswordHackerUITests/Info.plist;
				LD_RUNPATH_SEARCH_PATHS = (
					"$(inherited)",
					"@executable_path/Frameworks",
					"@loader_path/Frameworks",
				);
				PRODUCT_BUNDLE_IDENTIFIER = app.hotaru.inari.PasswordHackerUITests;
				PRODUCT_NAME = "$(TARGET_NAME)";
				SWIFT_VERSION = 5.0;
				TARGETED_DEVICE_FAMILY = "1,2";
				TEST_TARGET_NAME = PasswordHacker;
			};
			name = Debug;
		};
		3C9BB068250F412B0029EDF9 /* Release */ = {
			isa = XCBuildConfiguration;
			buildSettings = {
				ALWAYS_EMBED_SWIFT_STANDARD_LIBRARIES = YES;
				CODE_SIGN_STYLE = Automatic;
				INFOPLIST_FILE = PasswordHackerUITests/Info.plist;
				LD_RUNPATH_SEARCH_PATHS = (
					"$(inherited)",
					"@executable_path/Frameworks",
					"@loader_path/Frameworks",
				);
				PRODUCT_BUNDLE_IDENTIFIER = app.hotaru.inari.PasswordHackerUITests;
				PRODUCT_NAME = "$(TARGET_NAME)";
				SWIFT_VERSION = 5.0;
				TARGETED_DEVICE_FAMILY = "1,2";
				TEST_TARGET_NAME = PasswordHacker;
			};
			name = Release;
		};
/* End XCBuildConfiguration section */

/* Begin XCConfigurationList section */
		3C9BB031250F412A0029EDF9 /* Build configuration list for PBXProject "PasswordHacker" */ = {
			isa = XCConfigurationList;
			buildConfigurations = (
				3C9BB05E250F412B0029EDF9 /* Debug */,
				3C9BB05F250F412B0029EDF9 /* Release */,
			);
			defaultConfigurationIsVisible = 0;
			defaultConfigurationName = Release;
		};
		3C9BB060250F412B0029EDF9 /* Build configuration list for PBXNativeTarget "PasswordHacker" */ = {
			isa = XCConfigurationList;
			buildConfigurations = (
				3C9BB061250F412B0029EDF9 /* Debug */,
				3C9BB062250F412B0029EDF9 /* Release */,
			);
			defaultConfigurationIsVisible = 0;
			defaultConfigurationName = Release;
		};
		3C9BB063250F412B0029EDF9 /* Build configuration list for PBXNativeTarget "PasswordHackerTests" */ = {
			isa = XCConfigurationList;
			buildConfigurations = (
				3C9BB064250F412B0029EDF9 /* Debug */,
				3C9BB065250F412B0029EDF9 /* Release */,
			);
			defaultConfigurationIsVisible = 0;
			defaultConfigurationName = Release;
		};
		3C9BB066250F412B0029EDF9 /* Build configuration list for PBXNativeTarget "PasswordHackerUITests" */ = {
			isa = XCConfigurationList;
			buildConfigurations = (
				3C9BB067250F412B0029EDF9 /* Debug */,
				3C9BB068250F412B0029EDF9 /* Release */,
			);
			defaultConfigurationIsVisible = 0;
			defaultConfigurationName = Release;
		};
/* End XCConfigurationList section */
	};
	rootObject = 3C9BB02E250F412A0029EDF9 /* Project object */;
}
